
Microsoft Visual Studio Solution File, Format Version 12.00
Project("{FAE04EC0-301F-11D3-BF4B-00C04F79EFBC}") = "PocketFlow", "PocketFlow\PocketFlow.csproj", "{33881379-D16D-45C9-9CCA-AED2AC4F4782}"
EndProject
Project("{FAE04EC0-301F-11D3-BF4B-00C04F79EFBC}") = "PocketFlow.Tests", "PocketFlow.Tests\PocketFlow.Tests.csproj", "{C77C0F10-40CE-4E41-8886-E0AAC75C4075}"
EndProject
Project("{2150E333-8FDC-42A3-9474-1A3956D46DE8}") = "Tutorials", "Tutorials", "{7F6C859C-B82E-4928-8165-5E063D5A6FED}"
EndProject
Project("{FAE04EC0-301F-11D3-BF4B-00C04F79EFBC}") = "Chat", "Chat\Chat.csproj", "{618E9614-1C15-452D-A0A4-4EA89B605A67}"
EndProject
Project("{FAE04EC0-301F-11D3-BF4B-00C04F79EFBC}") = "VoiceChat", "VoiceChat\VoiceChat.csproj", "{6E8E91C0-80D4-49D3-8753-E28F8A1B074C}"
EndProject
Project("{FAE04EC0-301F-11D3-BF4B-00C04F79EFBC}") = "AgentSkills", "AgentSkills\AgentSkills.csproj", "{1D9839A4-E7EB-4F3E-9F35-48211711D91B}"
EndProject
Project("{FAE04EC0-301F-11D3-BF4B-00C04F79EFBC}") = "CodeGenerator", "CodeGenerator\CodeGenerator.csproj", "{C16CB960-ABB6-4D1F-A741-94F60BA1A71C}"
EndProject
Project("{FAE04EC0-301F-11D3-BF4B-00C04F79EFBC}") = "Text2Sql", "Text2Sql\Text2Sql.csproj", "{8B319C69-4CFA-40A3-8FBB-A4982CE0BD29}"
EndProject
Project("{FAE04EC0-301F-11D3-BF4B-00C04F79EFBC}") = "Thinking", "Thinking\Thinking.csproj", "{258228B8-39EE-407D-8A0F-7F3D54E02EEB}"
EndProject
Project("{FAE04EC0-301F-11D3-BF4B-00C04F79EFBC}") = "Memory", "Memory\Memory.csproj", "{813C4BDE-3309-47ED-B997-A706E8F80A16}"
EndProject
Project("{FAE04EC0-301F-11D3-BF4B-00C04F79EFBC}") = "Agent", "Agent\Agent.csproj", "{E29EA766-80F2-4355-A5C3-DCDFBA15FB17}"
EndProject
Project("{FAE04EC0-301F-11D3-BF4B-00C04F79EFBC}") = "Rag", "Rag\Rag.csproj", "{8FD80779-5EAD-45FE-8000-83A406E8D743}"
EndProject
Project("{2150E333-8FDC-42A3-9474-1A3956D46DE8}") = "Samples", "Samples", "{11C979DE-A262-41B9-AB62-06945F8DB347}"
EndProject
Project("{FAE04EC0-301F-11D3-BF4B-00C04F79EFBC}") = "CodebaseKnowledgeBuilder", "CodebaseKnowledgeBuilder\CodebaseKnowledgeBuilder.csproj", "{EBC956DD-C618-40F8-AD49-4703B04663B8}"
EndProject
Project("{FAE04EC0-301F-11D3-BF4B-00C04F79EFBC}") = "Workflow", "Workflow\Workflow.csproj", "{9F680F17-D9A6-4E83-96AB-190A6E9A3A0D}"
EndProject
Project("{FAE04EC0-301F-11D3-BF4B-00C04F79EFBC}") = "MultiAgent", "MultiAgent\MultiAgent.csproj", "{386F14D1-A1D0-4A2A-BAAA-090F8E98565A}"
EndProject
Project("{FAE04EC0-301F-11D3-BF4B-00C04F79EFBC}") = "SharedUtils", "SharedUtils\SharedUtils.csproj", "{C781B8FC-55B8-48E5-AE6E-6DD165040C14}"
EndProject
Project("{2150E333-8FDC-42A3-9474-1A3956D46DE8}") = "Shared", "Shared", "{381C321B-7B07-49AD-B0AC-02B88E48F38A}"
EndProject
Project("{FAE04EC0-301F-11D3-BF4B-00C04F79EFBC}") = "AsyncBasic", "AsyncBasic\AsyncBasic.csproj", "{F8B504EF-F7AA-47D1-B63A-82E3DEEBA69A}"
EndProject
Project("{FAE04EC0-301F-11D3-BF4B-00C04F79EFBC}") = "MCP", "MCP\MCP.csproj", "{7AF668D8-6FF3-4318-88D0-31871C2B179E}"
EndProject
Global
	GlobalSection(SolutionConfigurationPlatforms) = preSolution
		Debug|Any CPU = Debug|Any CPU
		Release|Any CPU = Release|Any CPU
	EndGlobalSection
	GlobalSection(ProjectConfigurationPlatforms) = postSolution
		{33881379-D16D-45C9-9CCA-AED2AC4F4782}.Debug|Any CPU.ActiveCfg = Debug|Any CPU
		{33881379-D16D-45C9-9CCA-AED2AC4F4782}.Debug|Any CPU.Build.0 = Debug|Any CPU
		{33881379-D16D-45C9-9CCA-AED2AC4F4782}.Release|Any CPU.ActiveCfg = Release|Any CPU
		{33881379-D16D-45C9-9CCA-AED2AC4F4782}.Release|Any CPU.Build.0 = Release|Any CPU
		{C77C0F10-40CE-4E41-8886-E0AAC75C4075}.Debug|Any CPU.ActiveCfg = Debug|Any CPU
		{C77C0F10-40CE-4E41-8886-E0AAC75C4075}.Debug|Any CPU.Build.0 = Debug|Any CPU
		{C77C0F10-40CE-4E41-8886-E0AAC75C4075}.Release|Any CPU.ActiveCfg = Release|Any CPU
		{C77C0F10-40CE-4E41-8886-E0AAC75C4075}.Release|Any CPU.Build.0 = Release|Any CPU
		{618E9614-1C15-452D-A0A4-4EA89B605A67}.Debug|Any CPU.ActiveCfg = Debug|Any CPU
		{618E9614-1C15-452D-A0A4-4EA89B605A67}.Debug|Any CPU.Build.0 = Debug|Any CPU
		{618E9614-1C15-452D-A0A4-4EA89B605A67}.Release|Any CPU.ActiveCfg = Release|Any CPU
		{618E9614-1C15-452D-A0A4-4EA89B605A67}.Release|Any CPU.Build.0 = Release|Any CPU
		{6E8E91C0-80D4-49D3-8753-E28F8A1B074C}.Debug|Any CPU.ActiveCfg = Debug|Any CPU
		{6E8E91C0-80D4-49D3-8753-E28F8A1B074C}.Debug|Any CPU.Build.0 = Debug|Any CPU
		{6E8E91C0-80D4-49D3-8753-E28F8A1B074C}.Release|Any CPU.ActiveCfg = Release|Any CPU
		{6E8E91C0-80D4-49D3-8753-E28F8A1B074C}.Release|Any CPU.Build.0 = Release|Any CPU
		{1D9839A4-E7EB-4F3E-9F35-48211711D91B}.Debug|Any CPU.ActiveCfg = Debug|Any CPU
		{1D9839A4-E7EB-4F3E-9F35-48211711D91B}.Debug|Any CPU.Build.0 = Debug|Any CPU
		{1D9839A4-E7EB-4F3E-9F35-48211711D91B}.Release|Any CPU.ActiveCfg = Release|Any CPU
		{1D9839A4-E7EB-4F3E-9F35-48211711D91B}.Release|Any CPU.Build.0 = Release|Any CPU
		{C16CB960-ABB6-4D1F-A741-94F60BA1A71C}.Debug|Any CPU.ActiveCfg = Debug|Any CPU
		{C16CB960-ABB6-4D1F-A741-94F60BA1A71C}.Debug|Any CPU.Build.0 = Debug|Any CPU
		{C16CB960-ABB6-4D1F-A741-94F60BA1A71C}.Release|Any CPU.ActiveCfg = Release|Any CPU
		{C16CB960-ABB6-4D1F-A741-94F60BA1A71C}.Release|Any CPU.Build.0 = Release|Any CPU
		{8B319C69-4CFA-40A3-8FBB-A4982CE0BD29}.Debug|Any CPU.ActiveCfg = Debug|Any CPU
		{8B319C69-4CFA-40A3-8FBB-A4982CE0BD29}.Debug|Any CPU.Build.0 = Debug|Any CPU
		{8B319C69-4CFA-40A3-8FBB-A4982CE0BD29}.Release|Any CPU.ActiveCfg = Release|Any CPU
		{8B319C69-4CFA-40A3-8FBB-A4982CE0BD29}.Release|Any CPU.Build.0 = Release|Any CPU
		{258228B8-39EE-407D-8A0F-7F3D54E02EEB}.Debug|Any CPU.ActiveCfg = Debug|Any CPU
		{258228B8-39EE-407D-8A0F-7F3D54E02EEB}.Debug|Any CPU.Build.0 = Debug|Any CPU
		{258228B8-39EE-407D-8A0F-7F3D54E02EEB}.Release|Any CPU.ActiveCfg = Release|Any CPU
		{258228B8-39EE-407D-8A0F-7F3D54E02EEB}.Release|Any CPU.Build.0 = Release|Any CPU
		{813C4BDE-3309-47ED-B997-A706E8F80A16}.Debug|Any CPU.ActiveCfg = Debug|Any CPU
		{813C4BDE-3309-47ED-B997-A706E8F80A16}.Debug|Any CPU.Build.0 = Debug|Any CPU
		{813C4BDE-3309-47ED-B997-A706E8F80A16}.Release|Any CPU.ActiveCfg = Release|Any CPU
		{813C4BDE-3309-47ED-B997-A706E8F80A16}.Release|Any CPU.Build.0 = Release|Any CPU
		{E29EA766-80F2-4355-A5C3-DCDFBA15FB17}.Debug|Any CPU.ActiveCfg = Debug|Any CPU
		{E29EA766-80F2-4355-A5C3-DCDFBA15FB17}.Debug|Any CPU.Build.0 = Debug|Any CPU
		{E29EA766-80F2-4355-A5C3-DCDFBA15FB17}.Release|Any CPU.ActiveCfg = Release|Any CPU
		{E29EA766-80F2-4355-A5C3-DCDFBA15FB17}.Release|Any CPU.Build.0 = Release|Any CPU
		{8FD80779-5EAD-45FE-8000-83A406E8D743}.Debug|Any CPU.ActiveCfg = Debug|Any CPU
		{8FD80779-5EAD-45FE-8000-83A406E8D743}.Debug|Any CPU.Build.0 = Debug|Any CPU
		{8FD80779-5EAD-45FE-8000-83A406E8D743}.Release|Any CPU.ActiveCfg = Release|Any CPU
		{8FD80779-5EAD-45FE-8000-83A406E8D743}.Release|Any CPU.Build.0 = Release|Any CPU
		{EBC956DD-C618-40F8-AD49-4703B04663B8}.Debug|Any CPU.ActiveCfg = Debug|Any CPU
		{EBC956DD-C618-40F8-AD49-4703B04663B8}.Debug|Any CPU.Build.0 = Debug|Any CPU
		{EBC956DD-C618-40F8-AD49-4703B04663B8}.Release|Any CPU.ActiveCfg = Release|Any CPU
		{EBC956DD-C618-40F8-AD49-4703B04663B8}.Release|Any CPU.Build.0 = Release|Any CPU
		{9F680F17-D9A6-4E83-96AB-190A6E9A3A0D}.Debug|Any CPU.ActiveCfg = Debug|Any CPU
		{9F680F17-D9A6-4E83-96AB-190A6E9A3A0D}.Debug|Any CPU.Build.0 = Debug|Any CPU
		{9F680F17-D9A6-4E83-96AB-190A6E9A3A0D}.Release|Any CPU.ActiveCfg = Release|Any CPU
		{9F680F17-D9A6-4E83-96AB-190A6E9A3A0D}.Release|Any CPU.Build.0 = Release|Any CPU
		{386F14D1-A1D0-4A2A-BAAA-090F8E98565A}.Debug|Any CPU.ActiveCfg = Debug|Any CPU
		{386F14D1-A1D0-4A2A-BAAA-090F8E98565A}.Debug|Any CPU.Build.0 = Debug|Any CPU
		{386F14D1-A1D0-4A2A-BAAA-090F8E98565A}.Release|Any CPU.ActiveCfg = Release|Any CPU
		{386F14D1-A1D0-4A2A-BAAA-090F8E98565A}.Release|Any CPU.Build.0 = Release|Any CPU
		{C781B8FC-55B8-48E5-AE6E-6DD165040C14}.Debug|Any CPU.ActiveCfg = Debug|Any CPU
		{C781B8FC-55B8-48E5-AE6E-6DD165040C14}.Debug|Any CPU.Build.0 = Debug|Any CPU
		{C781B8FC-55B8-48E5-AE6E-6DD165040C14}.Release|Any CPU.ActiveCfg = Release|Any CPU
		{C781B8FC-55B8-48E5-AE6E-6DD165040C14}.Release|Any CPU.Build.0 = Release|Any CPU
		{F8B504EF-F7AA-47D1-B63A-82E3DEEBA69A}.Debug|Any CPU.ActiveCfg = Debug|Any CPU
		{F8B504EF-F7AA-47D1-B63A-82E3DEEBA69A}.Debug|Any CPU.Build.0 = Debug|Any CPU
		{F8B504EF-F7AA-47D1-B63A-82E3DEEBA69A}.Release|Any CPU.ActiveCfg = Release|Any CPU
		{F8B504EF-F7AA-47D1-B63A-82E3DEEBA69A}.Release|Any CPU.Build.0 = Release|Any CPU
		{7AF668D8-6FF3-4318-88D0-31871C2B179E}.Debug|Any CPU.ActiveCfg = Debug|Any CPU
		{7AF668D8-6FF3-4318-88D0-31871C2B179E}.Debug|Any CPU.Build.0 = Debug|Any CPU
		{7AF668D8-6FF3-4318-88D0-31871C2B179E}.Release|Any CPU.ActiveCfg = Release|Any CPU
		{7AF668D8-6FF3-4318-88D0-31871C2B179E}.Release|Any CPU.Build.0 = Release|Any CPU
	EndGlobalSection
	GlobalSection(NestedProjects) = preSolution
		{618E9614-1C15-452D-A0A4-4EA89B605A67} = {7F6C859C-B82E-4928-8165-5E063D5A6FED}
		{6E8E91C0-80D4-49D3-8753-E28F8A1B074C} = {7F6C859C-B82E-4928-8165-5E063D5A6FED}
		{1D9839A4-E7EB-4F3E-9F35-48211711D91B} = {7F6C859C-B82E-4928-8165-5E063D5A6FED}
		{C16CB960-ABB6-4D1F-A741-94F60BA1A71C} = {7F6C859C-B82E-4928-8165-5E063D5A6FED}
		{8B319C69-4CFA-40A3-8FBB-A4982CE0BD29} = {7F6C859C-B82E-4928-8165-5E063D5A6FED}
		{258228B8-39EE-407D-8A0F-7F3D54E02EEB} = {7F6C859C-B82E-4928-8165-5E063D5A6FED}
		{813C4BDE-3309-47ED-B997-A706E8F80A16} = {7F6C859C-B82E-4928-8165-5E063D5A6FED}
		{E29EA766-80F2-4355-A5C3-DCDFBA15FB17} = {7F6C859C-B82E-4928-8165-5E063D5A6FED}
		{8FD80779-5EAD-45FE-8000-83A406E8D743} = {7F6C859C-B82E-4928-8165-5E063D5A6FED}
		{EBC956DD-C618-40F8-AD49-4703B04663B8} = {11C979DE-A262-41B9-AB62-06945F8DB347}
		{9F680F17-D9A6-4E83-96AB-190A6E9A3A0D} = {7F6C859C-B82E-4928-8165-5E063D5A6FED}
		{386F14D1-A1D0-4A2A-BAAA-090F8E98565A} = {7F6C859C-B82E-4928-8165-5E063D5A6FED}
		{C781B8FC-55B8-48E5-AE6E-6DD165040C14} = {381C321B-7B07-49AD-B0AC-02B88E48F38A}
		{F8B504EF-F7AA-47D1-B63A-82E3DEEBA69A} = {7F6C859C-B82E-4928-8165-5E063D5A6FED}
		{7AF668D8-6FF3-4318-88D0-31871C2B179E} = {7F6C859C-B82E-4928-8165-5E063D5A6FED}
	EndGlobalSection
EndGlobal
